# This file is autogenerated, do not edit; changes may be undone by the next 'dep ensure'.


[[projects]]
  name = "github.com/tidwall/gjson"
  packages = ["."]
  revision = "87033efcaec6215741137e8ca61952c53ef2685d"
  version = "v1.0.6"

[[projects]]
  branch = "master"
  name = "github.com/tidwall/match"
  packages = ["."]
  revision = "1731857f09b1f38450e2c12409748407822dc6be"

[solve-meta]
  analyzer-name = "dep"
  analyzer-version = 1
  inputs-digest = "b4eae40990d7978cdeada044ad16ae8bb3b785047783438079695e2046e18acc"
  solver-name = "gps-cdcl"
  solver-version = 1
